
Microsoft Visual Studio Solution File, Format Version 12.00
# Visual Studio Version 16
VisualStudioVersion = 16.0.31005.135
MinimumVisualStudioVersion = 10.0.40219.1
Project("{FAE04EC0-301F-11D3-BF4B-00C04F79EFBC}") = "TankWar", "TankWar\TankWar.csproj", "{AC9202D3-9103-4960-9F09-56D62F778ABD}"
EndProject
Global
	GlobalSection(SolutionConfigurationPlatforms) = preSolution
		Debug|Any CPU = Debug|Any CPU
		Release|Any CPU = Release|Any CPU
	EndGlobalSection
	GlobalSection(ProjectConfigurationPlatforms) = postSolution
		{AC9202D3-9103-4960-9F09-56D62F778ABD}.Debug|Any CPU.ActiveCfg = Debug|Any CPU
		{AC9202D3-9103-4960-9F09-56D62F778ABD}.Debug|Any CPU.Build.0 = Debug|Any CPU
		{AC9202D3-9103-4960-9F09-56D62F778ABD}.Release|Any CPU.ActiveCfg = Release|Any CPU
		{AC9202D3-9103-4960-9F09-56D62F778ABD}.Release|Any CPU.Build.0 = Release|Any CPU
	EndGlobalSection
	GlobalSection(SolutionProperties) = preSolution
		HideSolutionNode = FALSE
	EndGlobalSection
	GlobalSection(ExtensibilityGlobals) = postSolution
		SolutionGuid = {C393B8C9-F19E-4F61-B5E7-0EACBAE8A4C3}
	EndGlobalSection
EndGlobal
